
Microsoft Visual Studio Solution File, Format Version 12.00
# Visual Studio 15
VisualStudioVersion = 15.0.28010.2036
MinimumVisualStudioVersion = 10.0.40219.1
Project("{FAE04EC0-301F-11D3-BF4B-00C04F79EFBC}") = "PolyRoots", "PolyRoots\PolyRoots.csproj", "{0375C9ED-41FC-4739-9777-847D188F20F7}"
EndProject
Global
	GlobalSection(SolutionConfigurationPlatforms) = preSolution
		Debug|Any CPU = Debug|Any CPU
		Release|Any CPU = Release|Any CPU
	EndGlobalSection
	GlobalSection(ProjectConfigurationPlatforms) = postSolution
		{0375C9ED-41FC-4739-9777-847D188F20F7}.Debug|Any CPU.ActiveCfg = Debug|Any CPU
		{0375C9ED-41FC-4739-9777-847D188F20F7}.Debug|Any CPU.Build.0 = Debug|Any CPU
		{0375C9ED-41FC-4739-9777-847D188F20F7}.Release|Any CPU.ActiveCfg = Release|Any CPU
		{0375C9ED-41FC-4739-9777-847D188F20F7}.Release|Any CPU.Build.0 = Release|Any CPU
	EndGlobalSection
	GlobalSection(SolutionProperties) = preSolution
		HideSolutionNode = FALSE
	EndGlobalSection
	GlobalSection(ExtensibilityGlobals) = postSolution
		SolutionGuid = {A324811C-5281-43B0-8EE2-2C3B56B95C08}
	EndGlobalSection
EndGlobal
